# THIS IS AN AUTOGENERATED FILE. DO NOT EDIT THIS FILE DIRECTLY.
# yarn lockfile v1


"@babel/helper-validator-identifier@^7.14.8":
  "version" "7.14.8"

"@babel/parser@^7.12.0", "@babel/parser@^7.13.9":
  "version" "7.14.8"

"@babel/types@^7.12.0", "@babel/types@^7.13.0":
  "version" "7.14.8"
  dependencies:
    "@babel/helper-validator-identifier" "^7.14.8"
    "to-fast-properties" "^2.0.0"

"@types/estree@^0.0.48":
  "version" "0.0.48"

"@vitejs/plugin-vue@^1.2.5":
  "version" "1.2.5"

"@vue/compiler-core@3.1.5":
  "version" "3.1.5"
  dependencies:
    "@babel/parser" "^7.12.0"
    "@babel/types" "^7.12.0"
    "@vue/shared" "3.1.5"
    "estree-walker" "^2.0.1"
    "source-map" "^0.6.1"

"@vue/compiler-dom@3.1.5":
  "version" "3.1.5"
  dependencies:
    "@vue/compiler-core" "3.1.5"
    "@vue/shared" "3.1.5"

"@vue/compiler-sfc@^3.0.5", "@vue/compiler-sfc@^3.0.8":
  "version" "3.1.5"
  dependencies:
    "@babel/parser" "^7.13.9"
    "@babel/types" "^7.13.0"
    "@types/estree" "^0.0.48"
    "@vue/compiler-core" "3.1.5"
    "@vue/compiler-dom" "3.1.5"
    "@vue/compiler-ssr" "3.1.5"
    "@vue/shared" "3.1.5"
    "consolidate" "^0.16.0"
    "estree-walker" "^2.0.1"
    "hash-sum" "^2.0.0"
    "lru-cache" "^5.1.1"
    "magic-string" "^0.25.7"
    "merge-source-map" "^1.1.0"
    "postcss" "^8.1.10"
    "postcss-modules" "^4.0.0"
    "postcss-selector-parser" "^6.0.4"
    "source-map" "^0.6.1"

"@vue/compiler-ssr@3.1.5":
  "version" "3.1.5"
  dependencies:
    "@vue/compiler-dom" "3.1.5"
    "@vue/shared" "3.1.5"

"@vue/devtools-api@^6.0.0-beta.11", "@vue/devtools-api@^6.0.0-beta.14":
  "integrity" "sha1-rXyzhOBi8WW8+cg3MhJb/7wq2D0="
  "resolved" "https://registry.nlark.com/@vue/devtools-api/download/@vue/devtools-api-6.0.0-beta.15.tgz?cache=0&sync_timestamp=1624900801887&other_urls=https%3A%2F%2Fregistry.nlark.com%2F%40vue%2Fdevtools-api%2Fdownload%2F%40vue%2Fdevtools-api-6.0.0-beta.15.tgz"
  "version" "6.0.0-beta.15"

"@vue/reactivity@3.1.5":
  "version" "3.1.5"
  dependencies:
    "@vue/shared" "3.1.5"

"@vue/runtime-core@3.1.5":
  "version" "3.1.5"
  dependencies:
    "@vue/reactivity" "3.1.5"
    "@vue/shared" "3.1.5"

"@vue/runtime-dom@3.1.5":
  "version" "3.1.5"
  dependencies:
    "@vue/runtime-core" "3.1.5"
    "@vue/shared" "3.1.5"
    "csstype" "^2.6.8"

"@vue/shared@3.1.5":
  "version" "3.1.5"

"atob@^2.1.2":
  "integrity" "sha1-bZUX654DDSQ2ZmZR6GvZ9vE1M8k="
  "resolved" "https://registry.npm.taobao.org/atob/download/atob-2.1.2.tgz"
  "version" "2.1.2"

"balanced-match@^1.0.0":
  "version" "1.0.2"

"big-integer@^1.6.17":
  "version" "1.6.48"

"big.js@^5.2.2":
  "version" "5.2.2"

"binary@~0.3.0":
  "version" "0.3.0"
  dependencies:
    "buffers" "~0.1.1"
    "chainsaw" "~0.1.0"

"bluebird@^3.7.2":
  "version" "3.7.2"

"bluebird@~3.4.1":
  "version" "3.4.7"

"brace-expansion@^1.1.7":
  "version" "1.1.11"
  dependencies:
    "balanced-match" "^1.0.0"
    "concat-map" "0.0.1"

"buffer-indexof-polyfill@~1.0.0":
  "version" "1.0.2"

"buffers@~0.1.1":
  "version" "0.1.1"

"chainsaw@~0.1.0":
  "version" "0.1.0"
  dependencies:
    "traverse" ">=0.3.0 <0.4"

"colorette@^1.2.2":
  "version" "1.2.2"

"concat-map@0.0.1":
  "version" "0.0.1"

"consolidate@^0.16.0":
  "version" "0.16.0"
  dependencies:
    "bluebird" "^3.7.2"

"core-util-is@~1.0.0":
  "version" "1.0.2"

"css-parse@~2.0.0":
  "integrity" "sha1-pGjuZnwW2BzPBcWMONKpfHgNv9Q="
  "resolved" "https://registry.npm.taobao.org/css-parse/download/css-parse-2.0.0.tgz"
  "version" "2.0.0"
  dependencies:
    "css" "^2.0.0"

"css@^2.0.0":
  "integrity" "sha1-xkZ1XHOXHyu6amAeLPL9cbEpiSk="
  "resolved" "https://registry.npm.taobao.org/css/download/css-2.2.4.tgz"
  "version" "2.2.4"
  dependencies:
    "inherits" "^2.0.3"
    "source-map" "^0.6.1"
    "source-map-resolve" "^0.5.2"
    "urix" "^0.1.0"

"cssesc@^3.0.0":
  "version" "3.0.0"

"csstype@^2.6.8":
  "version" "2.6.17"

"debug@~3.1.0":
  "integrity" "sha1-W7WgZyYotkFJVmuhaBnmFRjGcmE="
  "resolved" "https://registry.nlark.com/debug/download/debug-3.1.0.tgz?cache=0&sync_timestamp=1625374632845&other_urls=https%3A%2F%2Fregistry.nlark.com%2Fdebug%2Fdownload%2Fdebug-3.1.0.tgz"
  "version" "3.1.0"
  dependencies:
    "ms" "2.0.0"

"decode-uri-component@^0.2.0":
  "integrity" "sha1-6zkTMzRYd1y4TNGh+uBiEGu4dUU="
  "resolved" "https://registry.npm.taobao.org/decode-uri-component/download/decode-uri-component-0.2.0.tgz"
  "version" "0.2.0"

"duplexer2@~0.1.4":
  "version" "0.1.4"
  dependencies:
    "readable-stream" "^2.0.2"

"emojis-list@^3.0.0":
  "version" "3.0.0"

"esbuild@^0.12.8":
  "version" "0.12.15"

"estree-walker@^2.0.1":
  "version" "2.0.2"

"fs.realpath@^1.0.0":
  "version" "1.0.0"

"fstream@^1.0.12":
  "version" "1.0.12"
  dependencies:
    "graceful-fs" "^4.1.2"
    "inherits" "~2.0.0"
    "mkdirp" ">=0.5 0"
    "rimraf" "2"

"function-bind@^1.1.1":
  "version" "1.1.1"

"generic-names@^2.0.1":
  "version" "2.0.1"
  dependencies:
    "loader-utils" "^1.1.0"

"glob@^7.1.3", "glob@^7.1.6":
  "version" "7.1.7"
  dependencies:
    "fs.realpath" "^1.0.0"
    "inflight" "^1.0.4"
    "inherits" "2"
    "minimatch" "^3.0.4"
    "once" "^1.3.0"
    "path-is-absolute" "^1.0.0"

"graceful-fs@^4.1.2", "graceful-fs@^4.2.2":
  "version" "4.2.6"

"has@^1.0.3":
  "version" "1.0.3"
  dependencies:
    "function-bind" "^1.1.1"

"hash-sum@^2.0.0":
  "version" "2.0.0"

"icss-replace-symbols@^1.1.0":
  "version" "1.1.0"

"icss-utils@^5.0.0":
  "version" "5.1.0"

"inflight@^1.0.4":
  "version" "1.0.6"
  dependencies:
    "once" "^1.3.0"
    "wrappy" "1"

"inherits@^2.0.3", "inherits@~2.0.0", "inherits@~2.0.3", "inherits@2":
  "version" "2.0.4"

"is-core-module@^2.2.0":
  "version" "2.5.0"
  dependencies:
    "has" "^1.0.3"

"isarray@~1.0.0":
  "version" "1.0.0"

"json5@^1.0.1":
  "version" "1.0.1"
  dependencies:
    "minimist" "^1.2.0"

"listenercount@~1.0.1":
  "version" "1.0.1"

"loader-utils@^1.1.0":
  "version" "1.4.0"
  dependencies:
    "big.js" "^5.2.2"
    "emojis-list" "^3.0.0"
    "json5" "^1.0.1"

"lodash.camelcase@^4.3.0":
  "version" "4.3.0"

"lru-cache@^5.1.1":
  "version" "5.1.1"
  dependencies:
    "yallist" "^3.0.2"

"magic-string@^0.25.7":
  "version" "0.25.7"
  dependencies:
    "sourcemap-codec" "^1.4.4"

"merge-source-map@^1.1.0":
  "version" "1.1.0"
  dependencies:
    "source-map" "^0.6.1"

"minimatch@^3.0.4":
  "version" "3.0.4"
  dependencies:
    "brace-expansion" "^1.1.7"

"minimist@^1.2.0", "minimist@^1.2.5":
  "version" "1.2.5"

"mkdirp@>=0.5 0":
  "version" "0.5.5"
  dependencies:
    "minimist" "^1.2.5"

"mkdirp@~1.0.4":
  "integrity" "sha1-PrXtYmInVteaXw4qIh3+utdcL34="
  "resolved" "https://registry.nlark.com/mkdirp/download/mkdirp-1.0.4.tgz"
  "version" "1.0.4"

"ms@2.0.0":
  "integrity" "sha1-VgiurfwAvmwpAd9fmGF4jeDVl8g="
  "resolved" "https://registry.npm.taobao.org/ms/download/ms-2.0.0.tgz?cache=0&sync_timestamp=1607433905701&other_urls=https%3A%2F%2Fregistry.npm.taobao.org%2Fms%2Fdownload%2Fms-2.0.0.tgz"
  "version" "2.0.0"

"nanoid@^3.1.23":
  "version" "3.1.23"

"once@^1.3.0":
  "version" "1.4.0"
  dependencies:
    "wrappy" "1"

"path-is-absolute@^1.0.0":
  "version" "1.0.1"

"path-parse@^1.0.6":
  "version" "1.0.7"

"postcss-modules-extract-imports@^3.0.0":
  "version" "3.0.0"

"postcss-modules-local-by-default@^4.0.0":
  "version" "4.0.0"
  dependencies:
    "icss-utils" "^5.0.0"
    "postcss-selector-parser" "^6.0.2"
    "postcss-value-parser" "^4.1.0"

"postcss-modules-scope@^3.0.0":
  "version" "3.0.0"
  dependencies:
    "postcss-selector-parser" "^6.0.4"

"postcss-modules-values@^4.0.0":
  "version" "4.0.0"
  dependencies:
    "icss-utils" "^5.0.0"

"postcss-modules@^4.0.0":
  "version" "4.2.2"
  dependencies:
    "generic-names" "^2.0.1"
    "icss-replace-symbols" "^1.1.0"
    "lodash.camelcase" "^4.3.0"
    "postcss-modules-extract-imports" "^3.0.0"
    "postcss-modules-local-by-default" "^4.0.0"
    "postcss-modules-scope" "^3.0.0"
    "postcss-modules-values" "^4.0.0"
    "string-hash" "^1.1.1"

"postcss-selector-parser@^6.0.2", "postcss-selector-parser@^6.0.4":
  "version" "6.0.6"
  dependencies:
    "cssesc" "^3.0.0"
    "util-deprecate" "^1.0.2"

"postcss-value-parser@^4.1.0":
  "version" "4.1.0"

"postcss@^8.0.0", "postcss@^8.1.0", "postcss@^8.1.10", "postcss@^8.3.5":
  "version" "8.3.6"
  dependencies:
    "colorette" "^1.2.2"
    "nanoid" "^3.1.23"
    "source-map-js" "^0.6.2"

"process-nextick-args@~2.0.0":
  "version" "2.0.1"

"readable-stream@^2.0.2", "readable-stream@~2.3.6":
  "version" "2.3.7"
  dependencies:
    "core-util-is" "~1.0.0"
    "inherits" "~2.0.3"
    "isarray" "~1.0.0"
    "process-nextick-args" "~2.0.0"
    "safe-buffer" "~5.1.1"
    "string_decoder" "~1.1.1"
    "util-deprecate" "~1.0.1"

"resolve-url@^0.2.1":
  "integrity" "sha1-LGN/53yJOv0qZj/iGqkIAGjiBSo="
  "resolved" "https://registry.npm.taobao.org/resolve-url/download/resolve-url-0.2.1.tgz"
  "version" "0.2.1"

"resolve@^1.20.0":
  "version" "1.20.0"
  dependencies:
    "is-core-module" "^2.2.0"
    "path-parse" "^1.0.6"

"rimraf@2":
  "version" "2.7.1"
  dependencies:
    "glob" "^7.1.3"

"rollup@^2.38.5":
  "version" "2.54.0"
  dependencies:
    "fsevents" "~2.3.2"
  optionalDependencies:
    "fsevents" "~2.3.2"

"safe-buffer@~5.1.0", "safe-buffer@~5.1.1":
  "version" "5.1.2"

"safer-buffer@^2.1.2":
  "integrity" "sha1-RPoWGwGHuVSd2Eu5GAL5vYOFzWo="
  "resolved" "https://registry.nlark.com/safer-buffer/download/safer-buffer-2.1.2.tgz"
  "version" "2.1.2"

"sax@~1.2.4":
  "integrity" "sha1-KBYjTiN4vdxOU1T6tcqold9xANk="
  "resolved" "https://registry.nlark.com/sax/download/sax-1.2.4.tgz"
  "version" "1.2.4"

"semver@^6.3.0":
  "integrity" "sha1-7gpkyK9ejO6mdoexM3YeG+y9HT0="
  "resolved" "https://registry.npm.taobao.org/semver/download/semver-6.3.0.tgz?cache=0&sync_timestamp=1616463603361&other_urls=https%3A%2F%2Fregistry.npm.taobao.org%2Fsemver%2Fdownload%2Fsemver-6.3.0.tgz"
  "version" "6.3.0"

"setimmediate@~1.0.4":
  "version" "1.0.5"

"source-map-js@^0.6.2":
  "version" "0.6.2"

"source-map-resolve@^0.5.2":
  "integrity" "sha1-GQhmvs51U+H48mei7oLGBrVQmho="
  "resolved" "https://registry.npm.taobao.org/source-map-resolve/download/source-map-resolve-0.5.3.tgz"
  "version" "0.5.3"
  dependencies:
    "atob" "^2.1.2"
    "decode-uri-component" "^0.2.0"
    "resolve-url" "^0.2.1"
    "source-map-url" "^0.4.0"
    "urix" "^0.1.0"

"source-map-url@^0.4.0":
  "integrity" "sha1-CvZmBadFpaL5HPG7+KevvCg97FY="
  "resolved" "https://registry.nlark.com/source-map-url/download/source-map-url-0.4.1.tgz"
  "version" "0.4.1"

"source-map@^0.6.1":
  "version" "0.6.1"

"source-map@^0.7.3":
  "integrity" "sha1-UwL4FpAxc1ImVECS5kmB91F1A4M="
  "resolved" "https://registry.npm.taobao.org/source-map/download/source-map-0.7.3.tgz"
  "version" "0.7.3"

"sourcemap-codec@^1.4.4":
  "version" "1.4.8"

"string_decoder@~1.1.1":
  "version" "1.1.1"
  dependencies:
    "safe-buffer" "~5.1.0"

"string-hash@^1.1.1":
  "version" "1.1.3"

"stylus@^0.54.8":
  "integrity" "sha1-PaPmWWa8Vnp7BEv+DuzmU+CZ0Uc="
  "resolved" "https://registry.npm.taobao.org/stylus/download/stylus-0.54.8.tgz"
  "version" "0.54.8"
  dependencies:
    "css-parse" "~2.0.0"
    "debug" "~3.1.0"
    "glob" "^7.1.6"
    "mkdirp" "~1.0.4"
    "safer-buffer" "^2.1.2"
    "sax" "~1.2.4"
    "semver" "^6.3.0"
    "source-map" "^0.7.3"

"to-fast-properties@^2.0.0":
  "version" "2.0.0"

"traverse@>=0.3.0 <0.4":
  "version" "0.3.9"

"typescript@^4.3.2":
  "version" "4.3.5"

"unzipper@0.10.11":
  "version" "0.10.11"
  dependencies:
    "big-integer" "^1.6.17"
    "binary" "~0.3.0"
    "bluebird" "~3.4.1"
    "buffer-indexof-polyfill" "~1.0.0"
    "duplexer2" "~0.1.4"
    "fstream" "^1.0.12"
    "graceful-fs" "^4.2.2"
    "listenercount" "~1.0.1"
    "readable-stream" "~2.3.6"
    "setimmediate" "~1.0.4"

"urix@^0.1.0":
  "integrity" "sha1-2pN/emLiH+wf0Y1Js1wpNQZ6bHI="
  "resolved" "https://registry.nlark.com/urix/download/urix-0.1.0.tgz"
  "version" "0.1.0"

"util-deprecate@^1.0.2", "util-deprecate@~1.0.1":
  "version" "1.0.2"

"vite@^2.4.3":
  "version" "2.4.3"
  dependencies:
    "esbuild" "^0.12.8"
    "fsevents" "~2.3.2"
    "postcss" "^8.3.5"
    "resolve" "^1.20.0"
    "rollup" "^2.38.5"
  optionalDependencies:
    "fsevents" "~2.3.2"

"vue-class-component@^8.0.0-rc.1":
  "integrity" "sha1-22ks2XZW65oIIGwD0Lc5jNsdlCA="
  "resolved" "https://registry.npm.taobao.org/vue-class-component/download/vue-class-component-8.0.0-rc.1.tgz"
  "version" "8.0.0-rc.1"

"vue-router@^4.0.10":
  "integrity" "sha1-7I/aAylJsqMdMnMXD483bobrUqw="
  "resolved" "https://registry.nlark.com/vue-router/download/vue-router-4.0.10.tgz"
  "version" "4.0.10"
  dependencies:
    "@vue/devtools-api" "^6.0.0-beta.14"

"vue-tsc@^0.0.24":
  "version" "0.0.24"
  dependencies:
    "unzipper" "0.10.11"

"vue@^3.0.0", "vue@^3.0.2", "vue@^3.0.5", "vue@3.1.5":
  "version" "3.1.5"
  dependencies:
    "@vue/compiler-dom" "3.1.5"
    "@vue/runtime-dom" "3.1.5"
    "@vue/shared" "3.1.5"

"vuex@^4.0.2":
  "integrity" "sha1-+Jbb1b8qDpY/AMZ+m2EN50nMrMk="
  "resolved" "https://registry.nlark.com/vuex/download/vuex-4.0.2.tgz?cache=0&sync_timestamp=1623945192157&other_urls=https%3A%2F%2Fregistry.nlark.com%2Fvuex%2Fdownload%2Fvuex-4.0.2.tgz"
  "version" "4.0.2"
  dependencies:
    "@vue/devtools-api" "^6.0.0-beta.11"

"wrappy@1":
  "version" "1.0.2"

"yallist@^3.0.2":
  "version" "3.1.1"
